
Microsoft Visual Studio Solution File, Format Version 12.00
# Visual Studio Version 17
VisualStudioVersion = 17.8.34511.84
MinimumVisualStudioVersion = 10.0.40219.1
Project("{FAE04EC0-301F-11D3-BF4B-00C04F79EFBC}") = "LinqHomework", "LinqHomework\LinqHomework.csproj", "{60557FF2-242D-4CC8-8F96-605E4C8027C9}"
EndProject
Global
	GlobalSection(SolutionConfigurationPlatforms) = preSolution
		Debug|Any CPU = Debug|Any CPU
		Release|Any CPU = Release|Any CPU
	EndGlobalSection
	GlobalSection(ProjectConfigurationPlatforms) = postSolution
		{60557FF2-242D-4CC8-8F96-605E4C8027C9}.Debug|Any CPU.ActiveCfg = Debug|Any CPU
		{60557FF2-242D-4CC8-8F96-605E4C8027C9}.Debug|Any CPU.Build.0 = Debug|Any CPU
		{60557FF2-242D-4CC8-8F96-605E4C8027C9}.Release|Any CPU.ActiveCfg = Release|Any CPU
		{60557FF2-242D-4CC8-8F96-605E4C8027C9}.Release|Any CPU.Build.0 = Release|Any CPU
	EndGlobalSection
	GlobalSection(SolutionProperties) = preSolution
		HideSolutionNode = FALSE
	EndGlobalSection
	GlobalSection(ExtensibilityGlobals) = postSolution
		SolutionGuid = {3C15B4DE-E980-4631-8882-FDCCB1614042}
	EndGlobalSection
EndGlobal
